<?xml version="1.0" encoding="utf-8"?>
<Project ToolsVersion="15.0" xmlns="http://schemas.microsoft.com/developer/msbuild/2003">
  <ItemGroup>
    <Filter Include="Resources">
      <UniqueIdentifier>accd3aa8-1ba0-4223-9bbe-0c431709210b</UniqueIdentifier>
      <Extensions>rc;ico;cur;bmp;dlg;rc2;rct;bin;rgs;gif;jpg;jpeg;jpe;resx;tga;tiff;tif;png;wav;mfcribbon-ms</Extensions>
    </Filter>
    <Filter Include="Generated Files">
      <UniqueIdentifier>{926ab91d-31b4-48c3-b9a4-e681349f27f0}</UniqueIdentifier>
    </Filter>
  </ItemGroup>
  <ItemGroup>
    <ClCompile Include="pch.cpp" />
    <ClCompile Include="$(GeneratedFilesDir)module.g.cpp">
      <Filter>Generated Files</Filter>
    </ClCompile>
    <ClCompile Include="MagApp.cpp" />
    <ClCompile Include="ExclModeHack.cpp" />
    <ClCompile Include="FrameSourceBase.cpp" />
    <ClCompile Include="DeviceResources.cpp" />
    <ClCompile Include="TextureLoader.cpp" />
    <ClCompile Include="DesktopDuplicationFrameSource.cpp" />
    <ClCompile Include="DwmSharedSurfaceFrameSource.cpp" />
    <ClCompile Include="GraphicsCaptureFrameSource.cpp" />
    <ClCompile Include="GDIFrameSource.cpp" />
    <ClCompile Include="GPUTimer.cpp" />
    <ClCompile Include="CursorManager.cpp" />
    <ClCompile Include="Renderer.cpp" />
    <ClCompile Include="EffectCompiler.cpp" />
    <ClCompile Include="EffectCacheManager.cpp" />
    <ClCompile Include="EffectDrawer.cpp" />
  </ItemGroup>
  <ItemGroup>
    <ClInclude Include="pch.h" />
    <ClInclude Include="MagApp.h" />
    <ClInclude Include="ExclModeHack.h" />
    <ClInclude Include="FrameSourceBase.h" />
    <ClInclude Include="DeviceResources.h" />
    <ClInclude Include="DDS.h" />
    <ClInclude Include="DDSLoderHelpers.h" />
    <ClInclude Include="TextureLoader.h" />
    <ClInclude Include="DesktopDuplicationFrameSource.h" />
    <ClInclude Include="DwmSharedSurfaceFrameSource.h" />
    <ClInclude Include="GraphicsCaptureFrameSource.h" />
    <ClInclude Include="GDIFrameSource.h" />
    <ClInclude Include="GPUTimer.h" />
    <ClInclude Include="CursorManager.h" />
    <ClInclude Include="Renderer.h" />
    <ClInclude Include="EffectDesc.h" />
    <ClInclude Include="EffectCompiler.h" />
    <ClInclude Include="EffectCacheManager.h" />
    <ClInclude Include="EffectDrawer.h" />
  </ItemGroup>
  <ItemGroup>
    <None Include="Runtime.def" />
    <None Include="packages.config" />
    <None Include="MagRuntime.idl" />
    <None Include="MagSettings.idl" />
  </ItemGroup>
  <ItemGroup>
    <Midl Include="Runtime.idl" />
  </ItemGroup>
</Project>