<?xml version="1.0" encoding="utf-8"?>
<Project ToolsVersion="4.0" xmlns="http://schemas.microsoft.com/developer/msbuild/2003">
  <ItemGroup>
    <FxCompile Include="Anime4KConv4x3x3x1Shader.hlsl">
      <Filter>着色器\缩放\Anime4K</Filter>
    </FxCompile>
    <FxCompile Include="Anime4KConv4x3x3x8Pass1Shader.hlsl">
      <Filter>着色器\缩放\Anime4K</Filter>
    </FxCompile>
    <FxCompile Include="Anime4KConv4x3x3x8Pass2Shader.hlsl">
      <Filter>着色器\缩放\Anime4K</Filter>
    </FxCompile>
    <FxCompile Include="Anime4KConv4x3x3x8Pass3Shader.hlsl">
      <Filter>着色器\缩放\Anime4K</Filter>
    </FxCompile>
    <FxCompile Include="Anime4KConv4x3x3x8Pass4Shader.hlsl">
      <Filter>着色器\缩放\Anime4K</Filter>
    </FxCompile>
    <FxCompile Include="Anime4KConv4x3x3x8Pass5Shader.hlsl">
      <Filter>着色器\缩放\Anime4K</Filter>
    </FxCompile>
    <FxCompile Include="Anime4KConvReduceShader.hlsl">
      <Filter>着色器\缩放\Anime4K</Filter>
    </FxCompile>
    <FxCompile Include="Anime4KDenoiseConv4x3x3x1Shader.hlsl">
      <Filter>着色器\缩放\Anime4K</Filter>
    </FxCompile>
    <FxCompile Include="Anime4KDenoiseConv4x3x3x8Pass1Shader.hlsl">
      <Filter>着色器\缩放\Anime4K</Filter>
    </FxCompile>
    <FxCompile Include="Anime4KDenoiseConv4x3x3x8Pass2Shader.hlsl">
      <Filter>着色器\缩放\Anime4K</Filter>
    </FxCompile>
    <FxCompile Include="Anime4KDenoiseConv4x3x3x8Pass3Shader.hlsl">
      <Filter>着色器\缩放\Anime4K</Filter>
    </FxCompile>
    <FxCompile Include="Anime4KDenoiseConv4x3x3x8Pass4Shader.hlsl">
      <Filter>着色器\缩放\Anime4K</Filter>
    </FxCompile>
    <FxCompile Include="Anime4KDenoiseConv4x3x3x8Pass5Shader.hlsl">
      <Filter>着色器\缩放\Anime4K</Filter>
    </FxCompile>
    <FxCompile Include="Anime4KDenoiseConvReduceShader.hlsl">
      <Filter>着色器\缩放\Anime4K</Filter>
    </FxCompile>
    <FxCompile Include="Jinc2ScaleShader.hlsl">
      <Filter>着色器\缩放</Filter>
    </FxCompile>
    <FxCompile Include="MitchellNetravaliScaleShader.hlsl">
      <Filter>着色器\缩放</Filter>
    </FxCompile>
    <FxCompile Include="AdaptiveSharpenPass1Shader.hlsl">
      <Filter>着色器\锐化</Filter>
    </FxCompile>
    <FxCompile Include="AdaptiveSharpenPass2Shader.hlsl">
      <Filter>着色器\锐化</Filter>
    </FxCompile>
    <FxCompile Include="Lanczos6ScaleShader.hlsl">
      <Filter>着色器\缩放</Filter>
    </FxCompile>
    <FxCompile Include="PixelScaleShader.hlsl">
      <Filter>着色器\缩放</Filter>
    </FxCompile>
    <FxCompile Include="Anime4KSharpenCombineShader.hlsl">
      <Filter>着色器\缩放\Anime4K</Filter>
    </FxCompile>
    <FxCompile Include="MonochromeCursorShader.hlsl">
      <Filter>着色器\杂项</Filter>
    </FxCompile>
    <FxCompile Include="Anime4KDarkLinesPass1Shader.hlsl">
      <Filter>着色器\杂项\Anime4K</Filter>
    </FxCompile>
    <FxCompile Include="Anime4KDarkLinesPass2Shader.hlsl">
      <Filter>着色器\杂项\Anime4K</Filter>
    </FxCompile>
    <FxCompile Include="Anime4KDarkLinesPass3Shader.hlsl">
      <Filter>着色器\杂项\Anime4K</Filter>
    </FxCompile>
    <FxCompile Include="Anime4KDarkLinesPass4Shader.hlsl">
      <Filter>着色器\杂项\Anime4K</Filter>
    </FxCompile>
    <FxCompile Include="Anime4KDarkLinesPass5Shader.hlsl">
      <Filter>着色器\杂项\Anime4K</Filter>
    </FxCompile>
    <FxCompile Include="Anime4KThinLinesPass1Shader.hlsl">
      <Filter>着色器\杂项\Anime4K</Filter>
    </FxCompile>
    <FxCompile Include="Anime4KThinLinesPass2Shader.hlsl">
      <Filter>着色器\杂项\Anime4K</Filter>
    </FxCompile>
    <FxCompile Include="Anime4KThinLinesPass3Shader.hlsl">
      <Filter>着色器\杂项\Anime4K</Filter>
    </FxCompile>
    <FxCompile Include="Anime4KThinLinesPass4Shader.hlsl">
      <Filter>着色器\杂项\Anime4K</Filter>
    </FxCompile>
    <FxCompile Include="Anime4KThinLinesPass5Shader.hlsl">
      <Filter>着色器\杂项\Anime4K</Filter>
    </FxCompile>
    <FxCompile Include="Anime4KThinLinesPass6Shader.hlsl">
      <Filter>着色器\杂项\Anime4K</Filter>
    </FxCompile>
    <FxCompile Include="Anime4KThinLinesPass7Shader.hlsl">
      <Filter>着色器\杂项\Anime4K</Filter>
    </FxCompile>
    <FxCompile Include="RGB2YUVShader.hlsl">
      <Filter>着色器\杂项</Filter>
    </FxCompile>
    <FxCompile Include="ACNetL1aShader.hlsl">
      <Filter>着色器\缩放\ACNet</Filter>
    </FxCompile>
    <FxCompile Include="ACNetL1bShader.hlsl">
      <Filter>着色器\缩放\ACNet</Filter>
    </FxCompile>
    <FxCompile Include="ACNetL2aShader.hlsl">
      <Filter>着色器\缩放\ACNet</Filter>
    </FxCompile>
    <FxCompile Include="ACNetL2bShader.hlsl">
      <Filter>着色器\缩放\ACNet</Filter>
    </FxCompile>
    <FxCompile Include="ACNetL3aShader.hlsl">
      <Filter>着色器\缩放\ACNet</Filter>
    </FxCompile>
    <FxCompile Include="ACNetL3bShader.hlsl">
      <Filter>着色器\缩放\ACNet</Filter>
    </FxCompile>
    <FxCompile Include="ACNetL4aShader.hlsl">
      <Filter>着色器\缩放\ACNet</Filter>
    </FxCompile>
    <FxCompile Include="ACNetL4bShader.hlsl">
      <Filter>着色器\缩放\ACNet</Filter>
    </FxCompile>
    <FxCompile Include="ACNetL5aShader.hlsl">
      <Filter>着色器\缩放\ACNet</Filter>
    </FxCompile>
    <FxCompile Include="ACNetL5bShader.hlsl">
      <Filter>着色器\缩放\ACNet</Filter>
    </FxCompile>
    <FxCompile Include="ACNetL6aShader.hlsl">
      <Filter>着色器\缩放\ACNet</Filter>
    </FxCompile>
    <FxCompile Include="ACNetL6bShader.hlsl">
      <Filter>着色器\缩放\ACNet</Filter>
    </FxCompile>
    <FxCompile Include="ACNetL7aShader.hlsl">
      <Filter>着色器\缩放\ACNet</Filter>
    </FxCompile>
    <FxCompile Include="ACNetL7bShader.hlsl">
      <Filter>着色器\缩放\ACNet</Filter>
    </FxCompile>
    <FxCompile Include="ACNetL8aShader.hlsl">
      <Filter>着色器\缩放\ACNet</Filter>
    </FxCompile>
    <FxCompile Include="ACNetL8bShader.hlsl">
      <Filter>着色器\缩放\ACNet</Filter>
    </FxCompile>
    <FxCompile Include="ACNetL9aShader.hlsl">
      <Filter>着色器\缩放\ACNet</Filter>
    </FxCompile>
    <FxCompile Include="ACNetL9bShader.hlsl">
      <Filter>着色器\缩放\ACNet</Filter>
    </FxCompile>
    <FxCompile Include="ACNetL10Shader.hlsl">
      <Filter>着色器\缩放\ACNet</Filter>
    </FxCompile>
    <FxCompile Include="Anime4KDenoiseBilateralShader.hlsl">
      <Filter>着色器\杂项\Anime4K</Filter>
    </FxCompile>
    <FxCompile Include="RavuLiteR3Pass1Shader.hlsl">
      <Filter>着色器\缩放\RAVU</Filter>
    </FxCompile>
    <FxCompile Include="RavuLiteR3Pass2Shader.hlsl">
      <Filter>着色器\缩放\RAVU</Filter>
    </FxCompile>
    <FxCompile Include="RavuZoomR3Shader.hlsl">
      <Filter>着色器\缩放\RAVU</Filter>
    </FxCompile>
    <FxCompile Include="RavuZoomR3WeightsShader.hlsl">
      <Filter>着色器\缩放\RAVU</Filter>
    </FxCompile>
  </ItemGroup>
  <ItemGroup>
    <ClCompile Include="GUIDs.cpp">
      <Filter>源文件</Filter>
    </ClCompile>
    <ClCompile Include="MagWindow.cpp">
      <Filter>源文件</Filter>
    </ClCompile>
    <ClCompile Include="pch.cpp">
      <Filter>源文件</Filter>
    </ClCompile>
    <ClCompile Include="DllMain.cpp">
      <Filter>源文件</Filter>
    </ClCompile>
    <ClCompile Include="MagCallbackWindowCapturer.cpp">
      <Filter>源文件</Filter>
    </ClCompile>
    <ClCompile Include="CursorManager.cpp">
      <Filter>源文件</Filter>
    </ClCompile>
    <ClCompile Include="Env.cpp">
      <Filter>源文件</Filter>
    </ClCompile>
  </ItemGroup>
  <ItemGroup>
    <ClInclude Include="Debug.h">
      <Filter>头文件</Filter>
    </ClInclude>
    <ClInclude Include="framework.h">
      <Filter>头文件</Filter>
    </ClInclude>
    <ClInclude Include="MagWindow.h">
      <Filter>头文件</Filter>
    </ClInclude>
    <ClInclude Include="pch.h">
      <Filter>头文件</Filter>
    </ClInclude>
    <ClInclude Include="targetver.h">
      <Filter>头文件</Filter>
    </ClInclude>
    <ClInclude Include="Utils.h">
      <Filter>头文件</Filter>
    </ClInclude>
    <ClInclude Include="EffectBase.h">
      <Filter>头文件\Effect</Filter>
    </ClInclude>
    <ClInclude Include="SimpleDrawTransform.h">
      <Filter>头文件\Effect</Filter>
    </ClInclude>
    <ClInclude Include="GUIDs.h">
      <Filter>头文件\Effect</Filter>
    </ClInclude>
    <ClInclude Include="ShaderPaths.h">
      <Filter>头文件\Effect</Filter>
    </ClInclude>
    <ClInclude Include="AdaptiveSharpenEffect.h">
      <Filter>头文件\Effect\锐化</Filter>
    </ClInclude>
    <ClInclude Include="AdaptiveSharpenPass2Transform.h">
      <Filter>头文件\Effect\锐化</Filter>
    </ClInclude>
    <ClInclude Include="JincScaleEffect.h">
      <Filter>头文件\Effect\缩放</Filter>
    </ClInclude>
    <ClInclude Include="MitchellNetravaliScaleEffect.h">
      <Filter>头文件\Effect\缩放</Filter>
    </ClInclude>
    <ClInclude Include="MitchellNetravaliScaleTransform.h">
      <Filter>头文件\Effect\缩放</Filter>
    </ClInclude>
    <ClInclude Include="JincScaleTransform.h">
      <Filter>头文件\Effect\缩放</Filter>
    </ClInclude>
    <ClInclude Include="SimpleScaleTransform.h">
      <Filter>头文件\Effect\缩放</Filter>
    </ClInclude>
    <ClInclude Include="LanczosScaleEffect.h">
      <Filter>头文件\Effect\缩放</Filter>
    </ClInclude>
    <ClInclude Include="LanczosScaleTransform.h">
      <Filter>头文件\Effect\缩放</Filter>
    </ClInclude>
    <ClInclude Include="GDIWindowCapturer.h">
      <Filter>头文件\Capture</Filter>
    </ClInclude>
    <ClInclude Include="MagCallbackWindowCapturer.h">
      <Filter>头文件\Capture</Filter>
    </ClInclude>
    <ClInclude Include="WindowCapturerBase.h">
      <Filter>头文件\Capture</Filter>
    </ClInclude>
    <ClInclude Include="WinRTCapturer.h">
      <Filter>头文件\Capture</Filter>
    </ClInclude>
    <ClInclude Include="CursorManager.h">
      <Filter>头文件\Render</Filter>
    </ClInclude>
    <ClInclude Include="D2DContext.h">
      <Filter>头文件\Render</Filter>
    </ClInclude>
    <ClInclude Include="EffectRendererBase.h">
      <Filter>头文件\Render</Filter>
    </ClInclude>
    <ClInclude Include="FrameCatcher.h">
      <Filter>头文件\Render</Filter>
    </ClInclude>
    <ClInclude Include="Renderable.h">
      <Filter>头文件\Render</Filter>
    </ClInclude>
    <ClInclude Include="RenderManager.h">
      <Filter>头文件\Render</Filter>
    </ClInclude>
    <ClInclude Include="D2DImageEffectRenderer.h">
      <Filter>头文件\Render</Filter>
    </ClInclude>
    <ClInclude Include="WICBitmapEffectRenderer.h">
      <Filter>头文件\Render</Filter>
    </ClInclude>
    <ClInclude Include="PixelScaleTransform.h">
      <Filter>头文件\Effect\缩放</Filter>
    </ClInclude>
    <ClInclude Include="PixelScaleEffect.h">
      <Filter>头文件\Effect\缩放</Filter>
    </ClInclude>
    <ClInclude Include="Env.h">
      <Filter>头文件</Filter>
    </ClInclude>
    <ClInclude Include="Anime4KDarkLinesEffect.h">
      <Filter>头文件\Effect\杂项</Filter>
    </ClInclude>
    <ClInclude Include="Anime4KDarkLinesPass5Transform.h">
      <Filter>头文件\Effect\杂项</Filter>
    </ClInclude>
    <ClInclude Include="Anime4KThinLinesEffect.h">
      <Filter>头文件\Effect\杂项</Filter>
    </ClInclude>
    <ClInclude Include="Anime4KThinLinesPass7Transform.h">
      <Filter>头文件\Effect\杂项</Filter>
    </ClInclude>
    <ClInclude Include="Anime4KEffect.h">
      <Filter>头文件\Effect\缩放</Filter>
    </ClInclude>
    <ClInclude Include="Anime4KSharpenCombineTransform.h">
      <Filter>头文件\Effect\缩放</Filter>
    </ClInclude>
    <ClInclude Include="MonochromeCursorTransform.h">
      <Filter>头文件\Effect\杂项</Filter>
    </ClInclude>
    <ClInclude Include="MonochromeCursorEffect.h">
      <Filter>头文件\Effect\杂项</Filter>
    </ClInclude>
    <ClInclude Include="ACNetEffect.h">
      <Filter>头文件\Effect\缩放</Filter>
    </ClInclude>
    <ClInclude Include="ACNetL10Transform.h">
      <Filter>头文件\Effect\缩放</Filter>
    </ClInclude>
    <ClInclude Include="Anime4KConvReduceTransform.h">
      <Filter>头文件\Effect\缩放</Filter>
    </ClInclude>
    <ClInclude Include="Anime4KDenoiseBilateralEffect.h">
      <Filter>头文件\Effect\杂项</Filter>
    </ClInclude>
    <ClInclude Include="Anime4KDenoiseBilateralTransform.h">
      <Filter>头文件\Effect\杂项</Filter>
    </ClInclude>
    <ClInclude Include="RavuLiteEffect.h">
      <Filter>头文件\Effect\缩放</Filter>
    </ClInclude>
    <ClInclude Include="RavuLitePass2Transform.h">
      <Filter>头文件\Effect\缩放</Filter>
    </ClInclude>
    <ClInclude Include="RavuZoomEffect.h">
      <Filter>头文件\Effect\缩放</Filter>
    </ClInclude>
    <ClInclude Include="RavuZoomTransform.h">
      <Filter>头文件\Effect\缩放</Filter>
    </ClInclude>
    <ClInclude Include="RavuZoomWeightsTransform.h">
      <Filter>头文件\Effect\缩放</Filter>
    </ClInclude>
  </ItemGroup>
  <ItemGroup>
    <None Include="cpp.hint" />
    <None Include="common.hlsli">
      <Filter>着色器</Filter>
    </None>
    <None Include="Anime4K.hlsli">
      <Filter>着色器\缩放\Anime4K</Filter>
    </None>
    <None Include="AdaptiveSharpen.hlsli">
      <Filter>着色器\锐化</Filter>
    </None>
    <None Include="packages.config" />
    <None Include="ACNet.hlsli">
      <Filter>着色器\缩放\ACNet</Filter>
    </None>
  </ItemGroup>
  <ItemGroup>
    <Filter Include="头文件">
      <UniqueIdentifier>{3952c476-cabb-4540-85f7-1e61009bb320}</UniqueIdentifier>
    </Filter>
    <Filter Include="源文件">
      <UniqueIdentifier>{0404efaa-f838-435a-a592-35c48d478ed4}</UniqueIdentifier>
    </Filter>
    <Filter Include="着色器">
      <UniqueIdentifier>{0d12cfca-e0f7-451b-b3ce-713fb1202715}</UniqueIdentifier>
    </Filter>
    <Filter Include="第三方库">
      <UniqueIdentifier>{9f2b3932-bd6a-460e-bc28-6d02b8a56bf2}</UniqueIdentifier>
    </Filter>
    <Filter Include="头文件\Effect">
      <UniqueIdentifier>{7aeace38-38c9-4406-9075-effd6b4c0381}</UniqueIdentifier>
    </Filter>
    <Filter Include="着色器\缩放">
      <UniqueIdentifier>{e928574b-2716-4963-968f-78095f3d185a}</UniqueIdentifier>
    </Filter>
    <Filter Include="着色器\缩放\Anime4K">
      <UniqueIdentifier>{9a9496cb-bf27-498d-9170-32d6ba869ae3}</UniqueIdentifier>
    </Filter>
    <Filter Include="着色器\锐化">
      <UniqueIdentifier>{f509bffd-924b-4886-b25a-3704015ad9c4}</UniqueIdentifier>
    </Filter>
    <Filter Include="头文件\Effect\锐化">
      <UniqueIdentifier>{dc400ea1-bb3d-4010-841f-31adb019357e}</UniqueIdentifier>
    </Filter>
    <Filter Include="头文件\Effect\缩放">
      <UniqueIdentifier>{fc2c2b52-5f93-4962-8c0c-ebb5d28a4d27}</UniqueIdentifier>
    </Filter>
    <Filter Include="头文件\Capture">
      <UniqueIdentifier>{6b867004-a0fd-4e2b-aa28-8fffcbdc9fbe}</UniqueIdentifier>
    </Filter>
    <Filter Include="头文件\Render">
      <UniqueIdentifier>{45015676-99ea-4ea3-9c14-3bc0e0130a34}</UniqueIdentifier>
    </Filter>
    <Filter Include="着色器\杂项">
      <UniqueIdentifier>{c0195a1b-65dc-4671-b99c-a333e15c17ed}</UniqueIdentifier>
    </Filter>
    <Filter Include="头文件\Effect\杂项">
      <UniqueIdentifier>{10cc3a59-c22d-4c5a-85fb-a70f3dd55762}</UniqueIdentifier>
    </Filter>
    <Filter Include="着色器\杂项\Anime4K">
      <UniqueIdentifier>{69bfa03e-b759-4f6b-be6f-125ca11f2524}</UniqueIdentifier>
    </Filter>
    <Filter Include="着色器\缩放\ACNet">
      <UniqueIdentifier>{a0d684f2-dd98-4813-ab7c-afed4c9c2002}</UniqueIdentifier>
    </Filter>
    <Filter Include="着色器\缩放\RAVU">
      <UniqueIdentifier>{a6d3fe21-679b-4fda-8535-033c52eef3c1}</UniqueIdentifier>
    </Filter>
  </ItemGroup>
  <ItemGroup>
    <Image Include="RavuZoomR3Weights.png">
      <Filter>着色器\缩放\RAVU</Filter>
    </Image>
  </ItemGroup>
</Project>