<?xml version="1.0" encoding="utf-8"?>
<Project ToolsVersion="4.0" xmlns="http://schemas.microsoft.com/developer/msbuild/2003">
  <ItemGroup>
    <ClCompile Include="GUIDs.cpp">
      <Filter>源文件</Filter>
    </ClCompile>
    <ClCompile Include="MagWindow.cpp">
      <Filter>源文件</Filter>
    </ClCompile>
    <ClCompile Include="pch.cpp">
      <Filter>源文件</Filter>
    </ClCompile>
    <ClCompile Include="DllMain.cpp">
      <Filter>源文件</Filter>
    </ClCompile>
    <ClCompile Include="MagCallbackWindowCapturer.cpp">
      <Filter>源文件</Filter>
    </ClCompile>
    <ClCompile Include="CursorManager.cpp">
      <Filter>源文件</Filter>
    </ClCompile>
    <ClCompile Include="Env.cpp">
      <Filter>源文件</Filter>
    </ClCompile>
  </ItemGroup>
  <ItemGroup>
    <ClInclude Include="Debug.h">
      <Filter>头文件</Filter>
    </ClInclude>
    <ClInclude Include="framework.h">
      <Filter>头文件</Filter>
    </ClInclude>
    <ClInclude Include="MagWindow.h">
      <Filter>头文件</Filter>
    </ClInclude>
    <ClInclude Include="pch.h">
      <Filter>头文件</Filter>
    </ClInclude>
    <ClInclude Include="targetver.h">
      <Filter>头文件</Filter>
    </ClInclude>
    <ClInclude Include="Utils.h">
      <Filter>头文件</Filter>
    </ClInclude>
    <ClInclude Include="EffectDefines.h">
      <Filter>头文件\Effect</Filter>
    </ClInclude>
    <ClInclude Include="GDIWindowCapturer.h">
      <Filter>头文件\Capture</Filter>
    </ClInclude>
    <ClInclude Include="MagCallbackWindowCapturer.h">
      <Filter>头文件\Capture</Filter>
    </ClInclude>
    <ClInclude Include="WindowCapturerBase.h">
      <Filter>头文件\Capture</Filter>
    </ClInclude>
    <ClInclude Include="WinRTCapturer.h">
      <Filter>头文件\Capture</Filter>
    </ClInclude>
    <ClInclude Include="CursorManager.h">
      <Filter>头文件\Render</Filter>
    </ClInclude>
    <ClInclude Include="D2DContext.h">
      <Filter>头文件\Render</Filter>
    </ClInclude>
    <ClInclude Include="EffectRendererBase.h">
      <Filter>头文件\Render</Filter>
    </ClInclude>
    <ClInclude Include="FrameCatcher.h">
      <Filter>头文件\Render</Filter>
    </ClInclude>
    <ClInclude Include="Renderable.h">
      <Filter>头文件\Render</Filter>
    </ClInclude>
    <ClInclude Include="RenderManager.h">
      <Filter>头文件\Render</Filter>
    </ClInclude>
    <ClInclude Include="D2DImageEffectRenderer.h">
      <Filter>头文件\Render</Filter>
    </ClInclude>
    <ClInclude Include="WICBitmapEffectRenderer.h">
      <Filter>头文件\Render</Filter>
    </ClInclude>
    <ClInclude Include="Env.h">
      <Filter>头文件</Filter>
    </ClInclude>
    <ClInclude Include="MonochromeCursorEffect.h">
      <Filter>头文件\Effect</Filter>
    </ClInclude>
    <ClInclude Include="MonochromeCursorTransform.h">
      <Filter>头文件\Effect</Filter>
    </ClInclude>
    <ClInclude Include="resource.h">
      <Filter>资源文件</Filter>
    </ClInclude>
  </ItemGroup>
  <ItemGroup>
    <None Include="cpp.hint" />
    <None Include="conanfile.py" />
    <None Include="packages.config" />
  </ItemGroup>
  <ItemGroup>
    <Filter Include="头文件">
      <UniqueIdentifier>{3952c476-cabb-4540-85f7-1e61009bb320}</UniqueIdentifier>
    </Filter>
    <Filter Include="源文件">
      <UniqueIdentifier>{0404efaa-f838-435a-a592-35c48d478ed4}</UniqueIdentifier>
    </Filter>
    <Filter Include="着色器">
      <UniqueIdentifier>{0d12cfca-e0f7-451b-b3ce-713fb1202715}</UniqueIdentifier>
    </Filter>
    <Filter Include="第三方库">
      <UniqueIdentifier>{9f2b3932-bd6a-460e-bc28-6d02b8a56bf2}</UniqueIdentifier>
    </Filter>
    <Filter Include="头文件\Effect">
      <UniqueIdentifier>{7aeace38-38c9-4406-9075-effd6b4c0381}</UniqueIdentifier>
    </Filter>
    <Filter Include="头文件\Capture">
      <UniqueIdentifier>{6b867004-a0fd-4e2b-aa28-8fffcbdc9fbe}</UniqueIdentifier>
    </Filter>
    <Filter Include="头文件\Render">
      <UniqueIdentifier>{45015676-99ea-4ea3-9c14-3bc0e0130a34}</UniqueIdentifier>
    </Filter>
    <Filter Include="资源文件">
      <UniqueIdentifier>{f3740afe-3a7c-49d0-84ea-04d66feace50}</UniqueIdentifier>
    </Filter>
  </ItemGroup>
  <ItemGroup>
    <FxCompile Include="MonochromeCursorShader.hlsl">
      <Filter>着色器</Filter>
    </FxCompile>
  </ItemGroup>
  <ItemGroup>
    <ResourceCompile Include="Version.rc">
      <Filter>资源文件</Filter>
    </ResourceCompile>
  </ItemGroup>
</Project>