<?xml version="1.0" encoding="utf-8"?>
<Project ToolsVersion="4.0" xmlns="http://schemas.microsoft.com/developer/msbuild/2003">
  <ItemGroup>
    <ClCompile Include="pch.cpp">
      <Filter>源文件</Filter>
    </ClCompile>
    <ClCompile Include="DllMain.cpp">
      <Filter>源文件</Filter>
    </ClCompile>
    <ClCompile Include="App.cpp">
      <Filter>源文件</Filter>
    </ClCompile>
    <ClCompile Include="Renderer.cpp">
      <Filter>源文件</Filter>
    </ClCompile>
    <ClCompile Include="Effect.cpp">
      <Filter>源文件</Filter>
    </ClCompile>
    <ClCompile Include="CursorRenderer.cpp">
      <Filter>源文件</Filter>
    </ClCompile>
    <ClCompile Include="Utils.cpp">
      <Filter>源文件</Filter>
    </ClCompile>
    <ClCompile Include="GraphicsCaptureFrameSource.cpp">
      <Filter>捕获</Filter>
    </ClCompile>
    <ClCompile Include="SharedSurfaceFrameSource.cpp">
      <Filter>捕获</Filter>
    </ClCompile>
    <ClCompile Include="GDIOverDXGIFrameSource.cpp">
      <Filter>捕获</Filter>
    </ClCompile>
    <ClCompile Include="GDIFrameSource.cpp">
      <Filter>捕获</Filter>
    </ClCompile>
  </ItemGroup>
  <ItemGroup>
    <ClInclude Include="framework.h">
      <Filter>头文件</Filter>
    </ClInclude>
    <ClInclude Include="pch.h">
      <Filter>头文件</Filter>
    </ClInclude>
    <ClInclude Include="targetver.h">
      <Filter>头文件</Filter>
    </ClInclude>
    <ClInclude Include="Utils.h">
      <Filter>头文件</Filter>
    </ClInclude>
    <ClInclude Include="GDIWindowCapturer.h">
      <Filter>捕获</Filter>
    </ClInclude>
    <ClInclude Include="resource.h">
      <Filter>资源文件</Filter>
    </ClInclude>
    <ClInclude Include="ErrorMessages.h">
      <Filter>头文件</Filter>
    </ClInclude>
    <ClInclude Include="Effect.h">
      <Filter>头文件</Filter>
    </ClInclude>
    <ClInclude Include="App.h">
      <Filter>头文件</Filter>
    </ClInclude>
    <ClInclude Include="Renderer.h">
      <Filter>头文件</Filter>
    </ClInclude>
    <ClInclude Include="CursorRenderer.h">
      <Filter>头文件</Filter>
    </ClInclude>
    <ClInclude Include="GraphicsCaptureFrameSource.h">
      <Filter>捕获</Filter>
    </ClInclude>
    <ClInclude Include="SharedSurfaceFrameSource.h">
      <Filter>捕获</Filter>
    </ClInclude>
    <ClInclude Include="FrameSourceBase.h">
      <Filter>捕获</Filter>
    </ClInclude>
    <ClInclude Include="GDIOverDXGIFrameSource.h">
      <Filter>捕获</Filter>
    </ClInclude>
    <ClInclude Include="GDIFrameSource.h">
      <Filter>捕获</Filter>
    </ClInclude>
  </ItemGroup>
  <ItemGroup>
    <None Include="cpp.hint" />
    <None Include="conanfile.py" />
    <None Include="packages.config" />
    <None Include="common.hlsli">
      <Filter>着色器</Filter>
    </None>
  </ItemGroup>
  <ItemGroup>
    <Filter Include="头文件">
      <UniqueIdentifier>{3952c476-cabb-4540-85f7-1e61009bb320}</UniqueIdentifier>
    </Filter>
    <Filter Include="源文件">
      <UniqueIdentifier>{0404efaa-f838-435a-a592-35c48d478ed4}</UniqueIdentifier>
    </Filter>
    <Filter Include="着色器">
      <UniqueIdentifier>{0d12cfca-e0f7-451b-b3ce-713fb1202715}</UniqueIdentifier>
    </Filter>
    <Filter Include="第三方库">
      <UniqueIdentifier>{9f2b3932-bd6a-460e-bc28-6d02b8a56bf2}</UniqueIdentifier>
    </Filter>
    <Filter Include="资源文件">
      <UniqueIdentifier>{f3740afe-3a7c-49d0-84ea-04d66feace50}</UniqueIdentifier>
    </Filter>
    <Filter Include="捕获">
      <UniqueIdentifier>{6b867004-a0fd-4e2b-aa28-8fffcbdc9fbe}</UniqueIdentifier>
    </Filter>
  </ItemGroup>
  <ItemGroup>
    <ResourceCompile Include="Version.rc">
      <Filter>资源文件</Filter>
    </ResourceCompile>
  </ItemGroup>
  <ItemGroup>
    <CopyFileToFolders Include="Lanczos6.hlsl">
      <Filter>着色器</Filter>
    </CopyFileToFolders>
  </ItemGroup>
</Project>