
Microsoft Visual Studio Solution File, Format Version 12.00
# Visual Studio Version 17
VisualStudioVersion = 17.5.33627.172
MinimumVisualStudioVersion = 10.0.40219.1
Project("{8BC9CEB8-8B4A-11D0-8D11-00A0C91BC942}") = "CJKCharacterSetForImGui", "CJKCharacterSetForImGui.vcxproj", "{E0E023BE-72A6-45BA-A3DE-07E4F7EB5EB7}"
EndProject
Global
	GlobalSection(SolutionConfigurationPlatforms) = preSolution
		Debug|x64 = Debug|x64
		Release|x64 = Release|x64
	EndGlobalSection
	GlobalSection(ProjectConfigurationPlatforms) = postSolution
		{E0E023BE-72A6-45BA-A3DE-07E4F7EB5EB7}.Debug|x64.ActiveCfg = Debug|x64
		{E0E023BE-72A6-45BA-A3DE-07E4F7EB5EB7}.Debug|x64.Build.0 = Debug|x64
		{E0E023BE-72A6-45BA-A3DE-07E4F7EB5EB7}.Release|x64.ActiveCfg = Release|x64
		{E0E023BE-72A6-45BA-A3DE-07E4F7EB5EB7}.Release|x64.Build.0 = Release|x64
	EndGlobalSection
	GlobalSection(SolutionProperties) = preSolution
		HideSolutionNode = FALSE
	EndGlobalSection
	GlobalSection(ExtensibilityGlobals) = postSolution
		SolutionGuid = {428064E2-6EE8-4B12-A569-092F40898C06}
	EndGlobalSection
EndGlobal
