<?xml version="1.0" encoding="utf-8"?>
<Project ToolsVersion="4.0" xmlns="http://schemas.microsoft.com/developer/msbuild/2003">
  <ItemGroup>
    <Filter Include="源文件">
      <UniqueIdentifier>{4FC737F1-C7A5-4376-A066-2A32D752A2FF}</UniqueIdentifier>
      <Extensions>cpp;c;cc;cxx;c++;cppm;ixx;def;odl;idl;hpj;bat;asm;asmx</Extensions>
    </Filter>
    <Filter Include="头文件">
      <UniqueIdentifier>{93995380-89BD-4b04-88EB-625FBE52EBFB}</UniqueIdentifier>
      <Extensions>h;hh;hpp;hxx;h++;hm;inl;inc;ipp;xsd</Extensions>
    </Filter>
    <Filter Include="着色器">
      <UniqueIdentifier>{67DA6AB6-F800-4c08-8B7A-83BB121AAD01}</UniqueIdentifier>
      <Extensions>rc;ico;cur;bmp;dlg;rc2;rct;bin;rgs;gif;jpg;jpeg;jpe;resx;tiff;tif;png;wav;mfcribbon-ms</Extensions>
    </Filter>
  </ItemGroup>
  <ItemGroup>
    <ClInclude Include="pch.h">
      <Filter>头文件</Filter>
    </ClInclude>
    <ClInclude Include="EffectDefines.h">
      <Filter>头文件</Filter>
    </ClInclude>
    <ClInclude Include="Anime4KConvReduceTransform.h">
      <Filter>头文件</Filter>
    </ClInclude>
    <ClInclude Include="Anime4KDarkLinesEffect.h">
      <Filter>头文件</Filter>
    </ClInclude>
    <ClInclude Include="Anime4KDarkLinesPass5Transform.h">
      <Filter>头文件</Filter>
    </ClInclude>
    <ClInclude Include="Anime4KDenoiseBilateralEffect.h">
      <Filter>头文件</Filter>
    </ClInclude>
    <ClInclude Include="Anime4KDenoiseBilateralTransform.h">
      <Filter>头文件</Filter>
    </ClInclude>
    <ClInclude Include="Anime4KEffect.h">
      <Filter>头文件</Filter>
    </ClInclude>
    <ClInclude Include="Anime4KSharpenCombineTransform.h">
      <Filter>头文件</Filter>
    </ClInclude>
    <ClInclude Include="Anime4KThinLinesEffect.h">
      <Filter>头文件</Filter>
    </ClInclude>
    <ClInclude Include="Anime4KThinLinesPass7Transform.h">
      <Filter>头文件</Filter>
    </ClInclude>
  </ItemGroup>
  <ItemGroup>
    <ClCompile Include="DllMain.cpp">
      <Filter>源文件</Filter>
    </ClCompile>
    <ClCompile Include="pch.cpp">
      <Filter>源文件</Filter>
    </ClCompile>
  </ItemGroup>
  <ItemGroup>
    <FxCompile Include="Anime4KConv4x3x3x1Shader.hlsl">
      <Filter>着色器</Filter>
    </FxCompile>
    <FxCompile Include="Anime4KConv4x3x3x8Pass1Shader.hlsl">
      <Filter>着色器</Filter>
    </FxCompile>
    <FxCompile Include="Anime4KConv4x3x3x8Pass2Shader.hlsl">
      <Filter>着色器</Filter>
    </FxCompile>
    <FxCompile Include="Anime4KConv4x3x3x8Pass3Shader.hlsl">
      <Filter>着色器</Filter>
    </FxCompile>
    <FxCompile Include="Anime4KConv4x3x3x8Pass4Shader.hlsl">
      <Filter>着色器</Filter>
    </FxCompile>
    <FxCompile Include="Anime4KConv4x3x3x8Pass5Shader.hlsl">
      <Filter>着色器</Filter>
    </FxCompile>
    <FxCompile Include="Anime4KConvReduceShader.hlsl">
      <Filter>着色器</Filter>
    </FxCompile>
    <FxCompile Include="Anime4KDarkLinesPass1Shader.hlsl">
      <Filter>着色器</Filter>
    </FxCompile>
    <FxCompile Include="Anime4KDarkLinesPass2Shader.hlsl">
      <Filter>着色器</Filter>
    </FxCompile>
    <FxCompile Include="Anime4KDarkLinesPass3Shader.hlsl">
      <Filter>着色器</Filter>
    </FxCompile>
    <FxCompile Include="Anime4KDarkLinesPass4Shader.hlsl">
      <Filter>着色器</Filter>
    </FxCompile>
    <FxCompile Include="Anime4KDarkLinesPass5Shader.hlsl">
      <Filter>着色器</Filter>
    </FxCompile>
    <FxCompile Include="Anime4KDenoiseBilateralShader.hlsl">
      <Filter>着色器</Filter>
    </FxCompile>
    <FxCompile Include="Anime4KDenoiseConv4x3x3x1Shader.hlsl">
      <Filter>着色器</Filter>
    </FxCompile>
    <FxCompile Include="Anime4KDenoiseConv4x3x3x8Pass1Shader.hlsl">
      <Filter>着色器</Filter>
    </FxCompile>
    <FxCompile Include="Anime4KDenoiseConv4x3x3x8Pass2Shader.hlsl">
      <Filter>着色器</Filter>
    </FxCompile>
    <FxCompile Include="Anime4KDenoiseConv4x3x3x8Pass3Shader.hlsl">
      <Filter>着色器</Filter>
    </FxCompile>
    <FxCompile Include="Anime4KDenoiseConv4x3x3x8Pass4Shader.hlsl">
      <Filter>着色器</Filter>
    </FxCompile>
    <FxCompile Include="Anime4KDenoiseConv4x3x3x8Pass5Shader.hlsl">
      <Filter>着色器</Filter>
    </FxCompile>
    <FxCompile Include="Anime4KSharpenCombineShader.hlsl">
      <Filter>着色器</Filter>
    </FxCompile>
    <FxCompile Include="Anime4KDenoiseConvReduceShader.hlsl">
      <Filter>着色器</Filter>
    </FxCompile>
    <FxCompile Include="Anime4KThinLinesPass1Shader.hlsl">
      <Filter>着色器</Filter>
    </FxCompile>
    <FxCompile Include="Anime4KThinLinesPass3Shader.hlsl">
      <Filter>着色器</Filter>
    </FxCompile>
    <FxCompile Include="Anime4KThinLinesPass2Shader.hlsl">
      <Filter>着色器</Filter>
    </FxCompile>
    <FxCompile Include="Anime4KThinLinesPass4Shader.hlsl">
      <Filter>着色器</Filter>
    </FxCompile>
    <FxCompile Include="Anime4KThinLinesPass5Shader.hlsl">
      <Filter>着色器</Filter>
    </FxCompile>
    <FxCompile Include="Anime4KThinLinesPass6Shader.hlsl">
      <Filter>着色器</Filter>
    </FxCompile>
    <FxCompile Include="Anime4KThinLinesPass7Shader.hlsl">
      <Filter>着色器</Filter>
    </FxCompile>
  </ItemGroup>
  <ItemGroup>
    <None Include="Anime4K.hlsli">
      <Filter>着色器</Filter>
    </None>
    <None Include="packages.config" />
  </ItemGroup>
</Project>