<?xml version="1.0" encoding="utf-8"?>
<Project ToolsVersion="4.0" xmlns="http://schemas.microsoft.com/developer/msbuild/2003">
  <ItemGroup>
    <ApplicationDefinition Include="App.xaml" />
  </ItemGroup>
  <ItemGroup>
    <Midl Include="App.idl" />
    <Midl Include="BooleanToVisibilityConverter.idl">
      <Filter>Converters</Filter>
    </Midl>
  </ItemGroup>
  <ItemGroup>
    <ClCompile Include="pch.cpp" />
    <ClCompile Include="App.cpp" />
    <ClCompile Include="MicaBrush.cpp" />
    <ClCompile Include="$(GeneratedFilesDir)module.g.cpp">
      <Filter>Miscellaneous</Filter>
    </ClCompile>
    <ClCompile Include="HotkeyService.cpp">
      <Filter>Services</Filter>
    </ClCompile>
    <ClCompile Include="HotkeyHelper.cpp">
      <Filter>Helpers</Filter>
    </ClCompile>
    <ClCompile Include="MagService.cpp">
      <Filter>Services</Filter>
    </ClCompile>
    <ClCompile Include="AppSettings.cpp" />
    <ClCompile Include="HotkeySettings.cpp">
      <Filter>Models</Filter>
    </ClCompile>
  </ItemGroup>
  <ItemGroup>
    <ClInclude Include="pch.h" />
    <ClInclude Include="MicaBrush.h" />
    <ClInclude Include="app.base.h">
      <Filter>Miscellaneous</Filter>
    </ClInclude>
    <ClInclude Include="HotkeyService.h">
      <Filter>Services</Filter>
    </ClInclude>
    <ClInclude Include="ComboBoxHelper.h">
      <Filter>Helpers</Filter>
    </ClInclude>
    <ClInclude Include="HotkeyHelper.h">
      <Filter>Helpers</Filter>
    </ClInclude>
    <ClInclude Include="MagService.h">
      <Filter>Services</Filter>
    </ClInclude>
    <ClInclude Include="AppSettings.h" />
    <ClInclude Include="HotkeySettings.h">
      <Filter>Models</Filter>
    </ClInclude>
  </ItemGroup>
  <ItemGroup>
    <Filter Include="Assets">
      <UniqueIdentifier>{e48dc53e-40b1-40cb-970a-f89935452892}</UniqueIdentifier>
    </Filter>
    <Filter Include="Pages">
      <UniqueIdentifier>{30ac53e6-fb5b-4035-8150-913623452213}</UniqueIdentifier>
    </Filter>
    <Filter Include="Brushes">
      <UniqueIdentifier>{2d0f428d-8d51-434e-b98f-7d140bb767ae}</UniqueIdentifier>
    </Filter>
    <Filter Include="Controls">
      <UniqueIdentifier>{ca435698-7c9e-4784-a031-2c9db29b5fcc}</UniqueIdentifier>
    </Filter>
    <Filter Include="Styles">
      <UniqueIdentifier>{be3fc578-6b5a-4b23-8db1-0fc6083e1466}</UniqueIdentifier>
    </Filter>
    <Filter Include="Miscellaneous">
      <UniqueIdentifier>{7a45d2bb-695d-4658-8fb9-a3d1f3b5aff8}</UniqueIdentifier>
    </Filter>
    <Filter Include="Converters">
      <UniqueIdentifier>{da249886-cfc3-4502-ac6b-a4a2b71807ce}</UniqueIdentifier>
    </Filter>
    <Filter Include="Services">
      <UniqueIdentifier>{801d256c-217d-4b4c-a9a9-c40663b4dffe}</UniqueIdentifier>
    </Filter>
    <Filter Include="Helpers">
      <UniqueIdentifier>{36c62660-b63e-423f-a335-8566a408f26b}</UniqueIdentifier>
    </Filter>
    <Filter Include="Models">
      <UniqueIdentifier>{8d78810f-671d-4793-9320-65078af2d7ec}</UniqueIdentifier>
    </Filter>
    <Filter Include="ViewModels">
      <UniqueIdentifier>{c63b1e37-fe89-4c56-a1fe-e19d6803adad}</UniqueIdentifier>
    </Filter>
  </ItemGroup>
  <ItemGroup>
    <None Include="packages.config" />
    <None Include="MicaBrush.idl">
      <Filter>Brushes</Filter>
    </None>
    <None Include="dummy.exe">
      <Filter>Miscellaneous</Filter>
    </None>
    <None Include="KeyVisual.idl">
      <Filter>Controls</Filter>
    </None>
    <None Include="LoggerHelper.idl">
      <Filter>Helpers</Filter>
    </None>
    <None Include="SettingsViewModel.idl">
      <Filter>ViewModels</Filter>
    </None>
    <None Include="HomeViewModel.idl">
      <Filter>ViewModels</Filter>
    </None>
    <None Include="ScalingRuleViewModel.idl">
      <Filter>ViewModels</Filter>
    </None>
  </ItemGroup>
  <ItemGroup>
    <Page Include="MainPage.xaml" />
    <Page Include="HomePage.xaml">
      <Filter>Pages</Filter>
    </Page>
    <Page Include="SettingsPage.xaml">
      <Filter>Pages</Filter>
    </Page>
    <Page Include="AboutPage.xaml">
      <Filter>Pages</Filter>
    </Page>
    <Page Include="PageFrame.xaml">
      <Filter>Controls</Filter>
    </Page>
    <Page Include="SettingItem.xaml">
      <Filter>Controls</Filter>
    </Page>
    <Page Include="SettingsGroup.xaml">
      <Filter>Controls</Filter>
    </Page>
    <Page Include="ToggleSwitch.xaml">
      <Filter>Styles</Filter>
    </Page>
    <Page Include="KeyVisual.xaml">
      <Filter>Controls</Filter>
    </Page>
    <Page Include="ShortcutControl.xaml">
      <Filter>Controls</Filter>
    </Page>
    <Page Include="ShortcutDialogContent.xaml">
      <Filter>Controls</Filter>
    </Page>
    <Page Include="ScalingModesPage.xaml">
      <Filter>Pages</Filter>
    </Page>
    <Page Include="ScalingRulePage.xaml">
      <Filter>Pages</Filter>
    </Page>
  </ItemGroup>
  <ItemGroup>
    <AppxManifest Include="Package.appxmanifest">
      <Filter>Miscellaneous</Filter>
    </AppxManifest>
  </ItemGroup>
</Project>