<?xml version="1.0" encoding="utf-8"?>
<Project ToolsVersion="4.0" xmlns="http://schemas.microsoft.com/developer/msbuild/2003">
  <ItemGroup>
    <CopyFileToFolders Include="AdaptiveSharpen.hlsl" />
    <CopyFileToFolders Include="ACNet.hlsl" />
    <CopyFileToFolders Include="Anime4K_3D_AA_Upscale_US.hlsl" />
    <CopyFileToFolders Include="Anime4K_3D_Upscale_US.hlsl" />
    <CopyFileToFolders Include="Anime4K_Denoise_Bilateral_Mean.hlsl" />
    <CopyFileToFolders Include="Anime4K_Denoise_Bilateral_Median.hlsl" />
    <CopyFileToFolders Include="Anime4K_Denoise_Bilateral_Mode.hlsl" />
    <CopyFileToFolders Include="Anime4K_Restore_L.hlsl" />
    <CopyFileToFolders Include="Anime4K_Restore_M.hlsl" />
    <CopyFileToFolders Include="Anime4K_Restore_Soft_L.hlsl" />
    <CopyFileToFolders Include="Anime4K_Restore_Soft_M.hlsl" />
    <CopyFileToFolders Include="Anime4K_Restore_VL.hlsl" />
    <CopyFileToFolders Include="Anime4K_Upscale_Denoise_S.hlsl" />
    <CopyFileToFolders Include="Anime4K_Upscale_L.hlsl" />
    <CopyFileToFolders Include="Bicubic.hlsl" />
    <CopyFileToFolders Include="CAS.hlsl" />
    <CopyFileToFolders Include="FSR_EASU.hlsl" />
    <CopyFileToFolders Include="FSR_RCAS.hlsl" />
    <CopyFileToFolders Include="FSRCNNX.hlsl" />
    <CopyFileToFolders Include="FSRCNNX_LineArt.hlsl" />
    <CopyFileToFolders Include="FXAA.hlsli" />
    <CopyFileToFolders Include="FXAA_High.hlsl" />
    <CopyFileToFolders Include="FXAA_Medium.hlsl" />
    <CopyFileToFolders Include="FXAA_Ultra.hlsl" />
    <CopyFileToFolders Include="Jinc.hlsl" />
    <CopyFileToFolders Include="Lanczos.hlsl" />
    <CopyFileToFolders Include="Bilinear.hlsl" />
    <CopyFileToFolders Include="Nearest.hlsl" />
    <CopyFileToFolders Include="Pixellate.hlsl" />
    <CopyFileToFolders Include="RAVU_Lite_R3.hlsl" />
    <CopyFileToFolders Include="RAVU_Lite_R3_Weights.dds" />
    <CopyFileToFolders Include="RAVU_Zoom_R3.hlsl" />
    <CopyFileToFolders Include="RAVU_Zoom_R3_Weights.dds" />
    <CopyFileToFolders Include="SharpBilinear.hlsl" />
    <CopyFileToFolders Include="SMAA.hlsli" />
    <CopyFileToFolders Include="SMAA_AreaTex.dds" />
    <CopyFileToFolders Include="SMAA_High.hlsl" />
    <CopyFileToFolders Include="SMAA_Low.hlsl" />
    <CopyFileToFolders Include="SMAA_Medium.hlsl" />
    <CopyFileToFolders Include="SMAA_SearchTex.dds" />
    <CopyFileToFolders Include="SMAA_Ultra.hlsl" />
    <CopyFileToFolders Include="SSimDownscaler.hlsl" />
    <CopyFileToFolders Include="xBRZ_2x.hlsl" />
    <CopyFileToFolders Include="xBRZ_3x.hlsl" />
    <CopyFileToFolders Include="xBRZ_5x.hlsl" />
    <CopyFileToFolders Include="xBRZ_6x.hlsl" />
    <CopyFileToFolders Include="xBRZ_4x.hlsl" />
    <CopyFileToFolders Include="xBRZ_Freescale.hlsl" />
    <CopyFileToFolders Include="xBRZ_Freescale_MultiPass.hlsl" />
    <CopyFileToFolders Include="NIS.hlsl" />
    <CopyFileToFolders Include="NIS_Coef_Scale.dds" />
    <CopyFileToFolders Include="NIS_Coef_USM.dds" />
    <CopyFileToFolders Include="NVSharpen.hlsl" />
    <CopyFileToFolders Include="CRT_Easymode.hlsl" />
    <CopyFileToFolders Include="CRT_Geom.hlsl" />
    <CopyFileToFolders Include="CRT_Lottes.hlsl" />
    <CopyFileToFolders Include="CRT_Hyllian.hlsl" />
    <CopyFileToFolders Include="GTU_v050.hlsl" />
    <CopyFileToFolders Include="Anime4K_Upscale_GAN_x2_S.hlsl" />
    <CopyFileToFolders Include="Anime4K_Upscale_S.hlsl" />
    <CopyFileToFolders Include="Anime4K_Upscale_Denoise_L.hlsl" />
    <CopyFileToFolders Include="Anime4K_Thin_HQ.hlsl" />
    <CopyFileToFolders Include="LumaSharpen.hlsl" />
    <CopyFileToFolders Include="FineSharp.hlsl" />
    <CopyFileToFolders Include="LCAS.hlsl" />
    <CopyFileToFolders Include="CatmullRom.hlsl" />
  </ItemGroup>
</Project>