<?xml version="1.0" encoding="utf-8"?>
<Project ToolsVersion="4.0" xmlns="http://schemas.microsoft.com/developer/msbuild/2003">
  <ItemGroup>
    <Filter Include="Capture">
      <UniqueIdentifier>{a3c5f48a-b77b-4e7d-ab18-74308a1c0889}</UniqueIdentifier>
    </Filter>
    <Filter Include="Overlay">
      <UniqueIdentifier>{a50e8e49-7ac6-4977-98d8-013e82a19dad}</UniqueIdentifier>
    </Filter>
    <Filter Include="TextureLoader">
      <UniqueIdentifier>{b0bbac79-0e76-436d-bcaa-b725b62d545f}</UniqueIdentifier>
    </Filter>
    <Filter Include="Include">
      <UniqueIdentifier>{7ed1757c-3140-42a7-93b3-5bf0171cfa7b}</UniqueIdentifier>
    </Filter>
    <Filter Include="Helpers">
      <UniqueIdentifier>{34fd6af4-f461-43ae-81e0-c663a89c2d2a}</UniqueIdentifier>
    </Filter>
    <Filter Include="Shaders">
      <UniqueIdentifier>{1956ae10-07ad-4b77-a37f-25f7fe10654b}</UniqueIdentifier>
    </Filter>
    <Filter Include="Render">
      <UniqueIdentifier>{6cc4a9bb-b213-4722-b658-3b720317d9de}</UniqueIdentifier>
    </Filter>
  </ItemGroup>
  <ItemGroup>
    <ClInclude Include="pch.h" />
    <ClInclude Include="EffectCacheManager.h" />
    <ClInclude Include="TextureLoader.h">
      <Filter>TextureLoader</Filter>
    </ClInclude>
    <ClInclude Include="DDS.h">
      <Filter>TextureLoader</Filter>
    </ClInclude>
    <ClInclude Include="DDSLoderHelpers.h">
      <Filter>TextureLoader</Filter>
    </ClInclude>
    <ClInclude Include="EffectHelper.h">
      <Filter>Helpers</Filter>
    </ClInclude>
    <ClInclude Include="ImGuiHelper.h">
      <Filter>Helpers</Filter>
    </ClInclude>
    <ClInclude Include="ImGuiFontsCacheManager.h">
      <Filter>Overlay</Filter>
    </ClInclude>
    <ClInclude Include="YasHelper.h">
      <Filter>Helpers</Filter>
    </ClInclude>
    <ClInclude Include="ScalingWindow.h" />
    <ClInclude Include="CursorManager.h" />
    <ClInclude Include="GraphicsCaptureFrameSource.h">
      <Filter>Capture</Filter>
    </ClInclude>
    <ClInclude Include="GDIFrameSource.h">
      <Filter>Capture</Filter>
    </ClInclude>
    <ClInclude Include="FrameSourceBase.h">
      <Filter>Capture</Filter>
    </ClInclude>
    <ClInclude Include="OverlayDrawer.h">
      <Filter>Overlay</Filter>
    </ClInclude>
    <ClInclude Include="ImGuiImpl.h">
      <Filter>Overlay</Filter>
    </ClInclude>
    <ClInclude Include="ImGuiBackend.h">
      <Filter>Overlay</Filter>
    </ClInclude>
    <ClInclude Include="EffectsProfiler.h" />
    <ClInclude Include="DwmSharedSurfaceFrameSource.h">
      <Filter>Capture</Filter>
    </ClInclude>
    <ClInclude Include="DesktopDuplicationFrameSource.h">
      <Filter>Capture</Filter>
    </ClInclude>
    <ClInclude Include="include\EffectCompiler.h">
      <Filter>Include</Filter>
    </ClInclude>
    <ClInclude Include="include\EffectDesc.h">
      <Filter>Include</Filter>
    </ClInclude>
    <ClInclude Include="include\ScalingOptions.h">
      <Filter>Include</Filter>
    </ClInclude>
    <ClInclude Include="include\ScalingRuntime.h">
      <Filter>Include</Filter>
    </ClInclude>
    <ClInclude Include="include\WindowHelper.h">
      <Filter>Include</Filter>
    </ClInclude>
    <ClInclude Include="include\SmallVector.h">
      <Filter>Include</Filter>
    </ClInclude>
    <ClInclude Include="include\StrHelper.h">
      <Filter>Include</Filter>
    </ClInclude>
    <ClInclude Include="include\Version.h">
      <Filter>Include</Filter>
    </ClInclude>
    <ClInclude Include="include\Win32Helper.h">
      <Filter>Include</Filter>
    </ClInclude>
    <ClInclude Include="include\Event.h">
      <Filter>Include</Filter>
    </ClInclude>
    <ClInclude Include="include\WindowBase.h">
      <Filter>Include</Filter>
    </ClInclude>
    <ClInclude Include="include\ScalingError.h">
      <Filter>Include</Filter>
    </ClInclude>
    <ClInclude Include="include\CommonDefines.h">
      <Filter>Include</Filter>
    </ClInclude>
    <ClInclude Include="include\CommonSharedConstants.h">
      <Filter>Include</Filter>
    </ClInclude>
    <ClInclude Include="include\Logger.h">
      <Filter>Include</Filter>
    </ClInclude>
    <ClInclude Include="include\DirectXHelper.h">
      <Filter>Include</Filter>
    </ClInclude>
    <ClInclude Include="SrcInfo.h" />
    <ClInclude Include="BackendDescriptorStore.h">
      <Filter>Render</Filter>
    </ClInclude>
    <ClInclude Include="CursorDrawer.h">
      <Filter>Render</Filter>
    </ClInclude>
    <ClInclude Include="DeviceResources.h">
      <Filter>Render</Filter>
    </ClInclude>
    <ClInclude Include="EffectDrawer.h">
      <Filter>Render</Filter>
    </ClInclude>
    <ClInclude Include="ExclModeHelper.h">
      <Filter>Helpers</Filter>
    </ClInclude>
    <ClInclude Include="Renderer.h">
      <Filter>Render</Filter>
    </ClInclude>
    <ClInclude Include="StepTimer.h">
      <Filter>Render</Filter>
    </ClInclude>
  </ItemGroup>
  <ItemGroup>
    <ClCompile Include="ScalingRuntime.cpp" />
    <ClCompile Include="pch.cpp" />
    <ClCompile Include="EffectCacheManager.cpp" />
    <ClCompile Include="EffectCompiler.cpp" />
    <ClCompile Include="TextureLoader.cpp">
      <Filter>TextureLoader</Filter>
    </ClCompile>
    <ClCompile Include="DirectXHelper.cpp">
      <Filter>Helpers</Filter>
    </ClCompile>
    <ClCompile Include="WindowHelper.cpp">
      <Filter>Helpers</Filter>
    </ClCompile>
    <ClCompile Include="ImGuiHelper.cpp">
      <Filter>Helpers</Filter>
    </ClCompile>
    <ClCompile Include="ImGuiFontsCacheManager.cpp">
      <Filter>Overlay</Filter>
    </ClCompile>
    <ClCompile Include="ScalingWindow.cpp" />
    <ClCompile Include="CursorManager.cpp" />
    <ClCompile Include="GraphicsCaptureFrameSource.cpp">
      <Filter>Capture</Filter>
    </ClCompile>
    <ClCompile Include="GDIFrameSource.cpp">
      <Filter>Capture</Filter>
    </ClCompile>
    <ClCompile Include="FrameSourceBase.cpp">
      <Filter>Capture</Filter>
    </ClCompile>
    <ClCompile Include="OverlayDrawer.cpp">
      <Filter>Overlay</Filter>
    </ClCompile>
    <ClCompile Include="ImGuiImpl.cpp">
      <Filter>Overlay</Filter>
    </ClCompile>
    <ClCompile Include="ImGuiBackend.cpp">
      <Filter>Overlay</Filter>
    </ClCompile>
    <ClCompile Include="EffectsProfiler.cpp" />
    <ClCompile Include="DwmSharedSurfaceFrameSource.cpp">
      <Filter>Capture</Filter>
    </ClCompile>
    <ClCompile Include="DesktopDuplicationFrameSource.cpp">
      <Filter>Capture</Filter>
    </ClCompile>
    <ClCompile Include="ScalingOptions.cpp" />
    <ClCompile Include="SmallVector.cpp" />
    <ClCompile Include="Version.cpp" />
    <ClCompile Include="Logger.cpp" />
    <ClCompile Include="Win32Helper.cpp">
      <Filter>Helpers</Filter>
    </ClCompile>
    <ClCompile Include="StrHelper.cpp">
      <Filter>Helpers</Filter>
    </ClCompile>
    <ClCompile Include="SrcInfo.cpp" />
    <ClCompile Include="BackendDescriptorStore.cpp">
      <Filter>Render</Filter>
    </ClCompile>
    <ClCompile Include="CursorDrawer.cpp">
      <Filter>Render</Filter>
    </ClCompile>
    <ClCompile Include="DeviceResources.cpp">
      <Filter>Render</Filter>
    </ClCompile>
    <ClCompile Include="EffectDrawer.cpp">
      <Filter>Render</Filter>
    </ClCompile>
    <ClCompile Include="Renderer.cpp">
      <Filter>Render</Filter>
    </ClCompile>
    <ClCompile Include="ExclModeHelper.cpp">
      <Filter>Helpers</Filter>
    </ClCompile>
    <ClCompile Include="StepTimer.cpp">
      <Filter>Render</Filter>
    </ClCompile>
  </ItemGroup>
  <ItemGroup>
    <FxCompile Include="shaders\SimpleVS.hlsl">
      <Filter>Shaders</Filter>
    </FxCompile>
    <FxCompile Include="shaders\SimplePS.hlsl">
      <Filter>Shaders</Filter>
    </FxCompile>
    <FxCompile Include="shaders\MaskedCursorPS.hlsl">
      <Filter>Shaders</Filter>
    </FxCompile>
    <FxCompile Include="shaders\MonochromeCursorPS.hlsl">
      <Filter>Shaders</Filter>
    </FxCompile>
    <FxCompile Include="shaders\DuplicateFrameCS.hlsl">
      <Filter>Shaders</Filter>
    </FxCompile>
    <FxCompile Include="shaders\ImGuiImplVS.hlsl">
      <Filter>Shaders</Filter>
    </FxCompile>
    <FxCompile Include="shaders\ImGuiImplPS.hlsl">
      <Filter>Shaders</Filter>
    </FxCompile>
  </ItemGroup>
  <ItemGroup>
    <None Include="packages.config" />
  </ItemGroup>
  <ItemGroup>
    <Natvis Include="$(MSBuildThisFileDirectory)..\..\natvis\wil.natvis" />
  </ItemGroup>
</Project>