<?xml version="1.0" encoding="utf-8"?>
<Project ToolsVersion="4.0" xmlns="http://schemas.microsoft.com/developer/msbuild/2003">
  <ItemGroup>
    <ApplicationDefinition Include="App.xaml" />
  </ItemGroup>
  <ItemGroup>
    <Midl Include="App.idl" />
  </ItemGroup>
  <ItemGroup>
    <ClCompile Include="pch.cpp" />
    <ClCompile Include="App.cpp" />
    <ClCompile Include="$(GeneratedFilesDir)module.g.cpp">
      <Filter>Miscellaneous</Filter>
    </ClCompile>
    <ClCompile Include="ShortcutService.cpp">
      <Filter>Services</Filter>
    </ClCompile>
    <ClCompile Include="ShortcutHelper.cpp">
      <Filter>Helpers</Filter>
    </ClCompile>
    <ClCompile Include="MagService.cpp">
      <Filter>Services</Filter>
    </ClCompile>
    <ClCompile Include="AppSettings.cpp" />
    <ClCompile Include="Shortcut.cpp">
      <Filter>Models</Filter>
    </ClCompile>
    <ClCompile Include="ProfileService.cpp">
      <Filter>Services</Filter>
    </ClCompile>
    <ClCompile Include="IconHelper.cpp">
      <Filter>Helpers</Filter>
    </ClCompile>
    <ClCompile Include="AppXReader.cpp">
      <Filter>Helpers</Filter>
    </ClCompile>
    <ClCompile Include="AutoStartHelper.cpp">
      <Filter>Helpers</Filter>
    </ClCompile>
    <ClCompile Include="EffectsService.cpp">
      <Filter>Services</Filter>
    </ClCompile>
    <ClCompile Include="ScalingModesService.cpp">
      <Filter>Services</Filter>
    </ClCompile>
    <ClCompile Include="JsonHelper.cpp">
      <Filter>Helpers</Filter>
    </ClCompile>
    <ClCompile Include="UpdateService.cpp">
      <Filter>Services</Filter>
    </ClCompile>
    <ClCompile Include="ContentDialogHelper.cpp">
      <Filter>Helpers</Filter>
    </ClCompile>
    <ClCompile Include="LocalizationService.cpp">
      <Filter>Services</Filter>
    </ClCompile>
  </ItemGroup>
  <ItemGroup>
    <ClInclude Include="pch.h" />
    <ClInclude Include="ShortcutService.h">
      <Filter>Services</Filter>
    </ClInclude>
    <ClInclude Include="ComboBoxHelper.h">
      <Filter>Helpers</Filter>
    </ClInclude>
    <ClInclude Include="ShortcutHelper.h">
      <Filter>Helpers</Filter>
    </ClInclude>
    <ClInclude Include="MagService.h">
      <Filter>Services</Filter>
    </ClInclude>
    <ClInclude Include="AppSettings.h" />
    <ClInclude Include="Shortcut.h">
      <Filter>Models</Filter>
    </ClInclude>
    <ClInclude Include="Profile.h">
      <Filter>Models</Filter>
    </ClInclude>
    <ClInclude Include="ProfileService.h">
      <Filter>Services</Filter>
    </ClInclude>
    <ClInclude Include="IconHelper.h">
      <Filter>Helpers</Filter>
    </ClInclude>
    <ClInclude Include="AppXReader.h">
      <Filter>Helpers</Filter>
    </ClInclude>
    <ClInclude Include="AutoStartHelper.h">
      <Filter>Helpers</Filter>
    </ClInclude>
    <ClInclude Include="ScalingMode.h">
      <Filter>Models</Filter>
    </ClInclude>
    <ClInclude Include="EffectsService.h">
      <Filter>Services</Filter>
    </ClInclude>
    <ClInclude Include="ScalingModesService.h">
      <Filter>Services</Filter>
    </ClInclude>
    <ClInclude Include="EffectHelper.h">
      <Filter>Helpers</Filter>
    </ClInclude>
    <ClInclude Include="JsonHelper.h">
      <Filter>Helpers</Filter>
    </ClInclude>
    <ClInclude Include="UpdateService.h">
      <Filter>Services</Filter>
    </ClInclude>
    <ClInclude Include="ContentDialogHelper.h">
      <Filter>Helpers</Filter>
    </ClInclude>
    <ClInclude Include="app.base.h" />
    <ClInclude Include="LocalizationService.h">
      <Filter>Services</Filter>
    </ClInclude>
  </ItemGroup>
  <ItemGroup>
    <Filter Include="Pages">
      <UniqueIdentifier>{30ac53e6-fb5b-4035-8150-913623452213}</UniqueIdentifier>
    </Filter>
    <Filter Include="Controls">
      <UniqueIdentifier>{ca435698-7c9e-4784-a031-2c9db29b5fcc}</UniqueIdentifier>
    </Filter>
    <Filter Include="Styles">
      <UniqueIdentifier>{be3fc578-6b5a-4b23-8db1-0fc6083e1466}</UniqueIdentifier>
    </Filter>
    <Filter Include="Miscellaneous">
      <UniqueIdentifier>{7a45d2bb-695d-4658-8fb9-a3d1f3b5aff8}</UniqueIdentifier>
    </Filter>
    <Filter Include="Converters">
      <UniqueIdentifier>{da249886-cfc3-4502-ac6b-a4a2b71807ce}</UniqueIdentifier>
    </Filter>
    <Filter Include="Services">
      <UniqueIdentifier>{801d256c-217d-4b4c-a9a9-c40663b4dffe}</UniqueIdentifier>
    </Filter>
    <Filter Include="Helpers">
      <UniqueIdentifier>{36c62660-b63e-423f-a335-8566a408f26b}</UniqueIdentifier>
    </Filter>
    <Filter Include="Models">
      <UniqueIdentifier>{8d78810f-671d-4793-9320-65078af2d7ec}</UniqueIdentifier>
    </Filter>
    <Filter Include="ViewModels">
      <UniqueIdentifier>{c63b1e37-fe89-4c56-a1fe-e19d6803adad}</UniqueIdentifier>
    </Filter>
    <Filter Include="Strings">
      <UniqueIdentifier>{66be9bb7-57ad-4efd-82b1-ac88ca76677f}</UniqueIdentifier>
    </Filter>
  </ItemGroup>
  <ItemGroup>
    <None Include="packages.config" />
    <None Include="dummy.exe">
      <Filter>Miscellaneous</Filter>
    </None>
    <None Include="KeyVisual.idl">
      <Filter>Controls</Filter>
    </None>
    <None Include="LoggerHelper.idl">
      <Filter>Helpers</Filter>
    </None>
    <None Include="SettingsViewModel.idl">
      <Filter>ViewModels</Filter>
    </None>
    <None Include="HomeViewModel.idl">
      <Filter>ViewModels</Filter>
    </None>
    <None Include="ProfileViewModel.idl">
      <Filter>ViewModels</Filter>
    </None>
    <None Include="TextBlockHelper.idl">
      <Filter>Helpers</Filter>
    </None>
    <None Include="CandidateWindowItem.idl">
      <Filter>ViewModels</Filter>
    </None>
    <None Include="NewProfileViewModel.idl">
      <Filter>ViewModels</Filter>
    </None>
    <None Include="ScalingConfigurationViewModel.idl">
      <Filter>ViewModels</Filter>
    </None>
    <None Include="ScalingModeItem.idl">
      <Filter>ViewModels</Filter>
    </None>
    <None Include="ScalingModeEffectItem.idl">
      <Filter>ViewModels</Filter>
    </None>
    <None Include="BoolToNegativeVisibilityConverter.idl">
      <Filter>Converters</Filter>
    </None>
    <None Include="BoolNegationConverter.idl">
      <Filter>Converters</Filter>
    </None>
    <None Include="EffectParametersViewModel.idl">
      <Filter>ViewModels</Filter>
    </None>
    <None Include="AboutViewModel.idl">
      <Filter>ViewModels</Filter>
    </None>
    <None Include="WrapPanel.idl">
      <Filter>Controls</Filter>
    </None>
    <None Include="KeyVisualState.idl">
      <Filter>Controls</Filter>
    </None>
  </ItemGroup>
  <ItemGroup>
    <Page Include="MainPage.xaml" />
    <Page Include="HomePage.xaml">
      <Filter>Pages</Filter>
    </Page>
    <Page Include="SettingsPage.xaml">
      <Filter>Pages</Filter>
    </Page>
    <Page Include="AboutPage.xaml">
      <Filter>Pages</Filter>
    </Page>
    <Page Include="PageFrame.xaml">
      <Filter>Controls</Filter>
    </Page>
    <Page Include="SettingsCard.xaml">
      <Filter>Controls</Filter>
    </Page>
    <Page Include="SettingsGroup.xaml">
      <Filter>Controls</Filter>
    </Page>
    <Page Include="ToggleSwitch.xaml">
      <Filter>Styles</Filter>
    </Page>
    <Page Include="KeyVisual.xaml">
      <Filter>Controls</Filter>
    </Page>
    <Page Include="ShortcutControl.xaml">
      <Filter>Controls</Filter>
    </Page>
    <Page Include="ScalingConfigurationPage.xaml">
      <Filter>Pages</Filter>
    </Page>
    <Page Include="ProfilePage.xaml">
      <Filter>Pages</Filter>
    </Page>
    <Page Include="ShortcutDialog.xaml">
      <Filter>Controls</Filter>
    </Page>
    <Page Include="Button.xaml">
      <Filter>Styles</Filter>
    </Page>
  </ItemGroup>
  <ItemGroup>
    <AppxManifest Include="Package.appxmanifest">
      <Filter>Miscellaneous</Filter>
    </AppxManifest>
  </ItemGroup>
  <ItemGroup>
    <ResourceCompile Include="Magpie.App.rc" />
  </ItemGroup>
  <ItemGroup>
    <PRIResource Include="Resources.language-zh-Hans.resw">
      <Filter>Strings</Filter>
    </PRIResource>
    <PRIResource Include="Resources.language-en-US.resw">
      <Filter>Strings</Filter>
    </PRIResource>
    <PRIResource Include="Resources.language-ru.resw">
      <Filter>Strings</Filter>
    </PRIResource>
    <PRIResource Include="Resources.language-zh-Hant.resw">
      <Filter>Strings</Filter>
    </PRIResource>
    <PRIResource Include="Resources.language-ja.resw">
      <Filter>Strings</Filter>
    </PRIResource>
    <PRIResource Include="Resources.language-es.resw">
      <Filter>Strings</Filter>
    </PRIResource>
    <PRIResource Include="Resources.language-tr.resw">
      <Filter>Strings</Filter>
    </PRIResource>
    <PRIResource Include="Resources.language-pt.resw">
      <Filter>Strings</Filter>
    </PRIResource>
    <PRIResource Include="Resources.language-uk.resw">
      <Filter>Strings</Filter>
    </PRIResource>
  </ItemGroup>
  <ItemGroup>
    <Text Include="conanfile.txt" />
  </ItemGroup>
</Project>