<?xml version="1.0" encoding="utf-8"?>
<Project ToolsVersion="4.0" xmlns="http://schemas.microsoft.com/developer/msbuild/2003">
  <ItemGroup>
    <Filter Include="源文件">
      <UniqueIdentifier>{4FC737F1-C7A5-4376-A066-2A32D752A2FF}</UniqueIdentifier>
      <Extensions>cpp;c;cc;cxx;c++;cppm;ixx;def;odl;idl;hpj;bat;asm;asmx</Extensions>
    </Filter>
    <Filter Include="头文件">
      <UniqueIdentifier>{93995380-89BD-4b04-88EB-625FBE52EBFB}</UniqueIdentifier>
      <Extensions>h;hh;hpp;hxx;h++;hm;inl;inc;ipp;xsd</Extensions>
    </Filter>
    <Filter Include="着色器">
      <UniqueIdentifier>{67DA6AB6-F800-4c08-8B7A-83BB121AAD01}</UniqueIdentifier>
      <Extensions>rc;ico;cur;bmp;dlg;rc2;rct;bin;rgs;gif;jpg;jpeg;jpe;resx;tiff;tif;png;wav;mfcribbon-ms</Extensions>
    </Filter>
  </ItemGroup>
  <ItemGroup>
    <ClInclude Include="pch.h">
      <Filter>头文件</Filter>
    </ClInclude>
    <ClInclude Include="AdaptiveSharpenEffect.h">
      <Filter>头文件</Filter>
    </ClInclude>
    <ClInclude Include="AdaptiveSharpenPass2Transform.h">
      <Filter>头文件</Filter>
    </ClInclude>
    <ClInclude Include="JincScaleEffect.h">
      <Filter>头文件</Filter>
    </ClInclude>
    <ClInclude Include="JincScaleTransform.h">
      <Filter>头文件</Filter>
    </ClInclude>
    <ClInclude Include="LanczosScaleEffect.h">
      <Filter>头文件</Filter>
    </ClInclude>
    <ClInclude Include="LanczosScaleTransform.h">
      <Filter>头文件</Filter>
    </ClInclude>
    <ClInclude Include="MitchellNetravaliScaleEffect.h">
      <Filter>头文件</Filter>
    </ClInclude>
    <ClInclude Include="MitchellNetravaliScaleTransform.h">
      <Filter>头文件</Filter>
    </ClInclude>
    <ClInclude Include="PixelScaleEffect.h">
      <Filter>头文件</Filter>
    </ClInclude>
    <ClInclude Include="PixelScaleTransform.h">
      <Filter>头文件</Filter>
    </ClInclude>
    <ClInclude Include="EffectDefines.h">
      <Filter>头文件</Filter>
    </ClInclude>
    <ClInclude Include="ContrastAdaptiveSharpenEffect.h">
      <Filter>头文件</Filter>
    </ClInclude>
    <ClInclude Include="ContrastAdaptiveSharpenTransform.h">
      <Filter>头文件</Filter>
    </ClInclude>
    <ClInclude Include="FSREffect.h">
      <Filter>头文件</Filter>
    </ClInclude>
    <ClInclude Include="FfxEasuTransform.h">
      <Filter>头文件</Filter>
    </ClInclude>
    <ClInclude Include="FfxRcasTransform.h">
      <Filter>头文件</Filter>
    </ClInclude>
  </ItemGroup>
  <ItemGroup>
    <ClCompile Include="DllMain.cpp">
      <Filter>源文件</Filter>
    </ClCompile>
    <ClCompile Include="pch.cpp">
      <Filter>源文件</Filter>
    </ClCompile>
  </ItemGroup>
  <ItemGroup>
    <FxCompile Include="AdaptiveSharpenPass1Shader.hlsl">
      <Filter>着色器</Filter>
    </FxCompile>
    <FxCompile Include="AdaptiveSharpenPass2Shader.hlsl">
      <Filter>着色器</Filter>
    </FxCompile>
    <FxCompile Include="Jinc2ScaleShader.hlsl">
      <Filter>着色器</Filter>
    </FxCompile>
    <FxCompile Include="Lanczos6ScaleShader.hlsl">
      <Filter>着色器</Filter>
    </FxCompile>
    <FxCompile Include="MitchellNetravaliScaleShader.hlsl">
      <Filter>着色器</Filter>
    </FxCompile>
    <FxCompile Include="PixelScaleShader.hlsl">
      <Filter>着色器</Filter>
    </FxCompile>
    <FxCompile Include="ContrastAdaptiveSharpenShader.hlsl">
      <Filter>着色器</Filter>
    </FxCompile>
    <FxCompile Include="FfxEasuShader.hlsl">
      <Filter>着色器</Filter>
    </FxCompile>
    <FxCompile Include="FfxRcasShader.hlsl">
      <Filter>着色器</Filter>
    </FxCompile>
  </ItemGroup>
  <ItemGroup>
    <None Include="AdaptiveSharpen.hlsli">
      <Filter>着色器</Filter>
    </None>
    <None Include="packages.config" />
    <None Include="ffx_a.hlsli">
      <Filter>着色器</Filter>
    </None>
    <None Include="ffx_fsr1.hlsli">
      <Filter>着色器</Filter>
    </None>
  </ItemGroup>
</Project>