<?xml version="1.0" encoding="utf-8"?>
<Project ToolsVersion="4.0" xmlns="http://schemas.microsoft.com/developer/msbuild/2003">
  <ItemGroup>
    <CopyFileToFolders Include="ACNet.hlsl" />
    <CopyFileToFolders Include="Jinc.hlsl" />
    <CopyFileToFolders Include="Lanczos.hlsl" />
    <CopyFileToFolders Include="SSimDownscaler.hlsl" />
    <CopyFileToFolders Include="ImageAdjustment.hlsl" />
    <CopyFileToFolders Include="SMAA\SMAA.hlsli">
      <Filter>SMAA</Filter>
    </CopyFileToFolders>
    <CopyFileToFolders Include="SMAA\SMAA_High.hlsl">
      <Filter>SMAA</Filter>
    </CopyFileToFolders>
    <CopyFileToFolders Include="SMAA\SMAA_Low.hlsl">
      <Filter>SMAA</Filter>
    </CopyFileToFolders>
    <CopyFileToFolders Include="SMAA\SMAA_Medium.hlsl">
      <Filter>SMAA</Filter>
    </CopyFileToFolders>
    <CopyFileToFolders Include="SMAA\SMAA_Ultra.hlsl">
      <Filter>SMAA</Filter>
    </CopyFileToFolders>
    <CopyFileToFolders Include="FSR\FSR_EASU.hlsl">
      <Filter>FSR</Filter>
    </CopyFileToFolders>
    <CopyFileToFolders Include="FSR\FSR_RCAS.hlsl">
      <Filter>FSR</Filter>
    </CopyFileToFolders>
    <CopyFileToFolders Include="SMAA\AreaTex.dds">
      <Filter>SMAA</Filter>
    </CopyFileToFolders>
    <CopyFileToFolders Include="SMAA\SearchTex.dds">
      <Filter>SMAA</Filter>
    </CopyFileToFolders>
    <CopyFileToFolders Include="Anime4K\Anime4K_3D_AA_Upscale_US.hlsl">
      <Filter>Anime4K</Filter>
    </CopyFileToFolders>
    <CopyFileToFolders Include="Anime4K\Anime4K_3D_Upscale_US.hlsl">
      <Filter>Anime4K</Filter>
    </CopyFileToFolders>
    <CopyFileToFolders Include="Anime4K\Anime4K_Denoise_Bilateral_Mean.hlsl">
      <Filter>Anime4K</Filter>
    </CopyFileToFolders>
    <CopyFileToFolders Include="Anime4K\Anime4K_Denoise_Bilateral_Mode.hlsl">
      <Filter>Anime4K</Filter>
    </CopyFileToFolders>
    <CopyFileToFolders Include="Anime4K\Anime4K_Denoise_Bilateral_Median.hlsl">
      <Filter>Anime4K</Filter>
    </CopyFileToFolders>
    <CopyFileToFolders Include="Anime4K\Anime4K_Restore_L.hlsl">
      <Filter>Anime4K</Filter>
    </CopyFileToFolders>
    <CopyFileToFolders Include="Anime4K\Anime4K_Restore_M.hlsl">
      <Filter>Anime4K</Filter>
    </CopyFileToFolders>
    <CopyFileToFolders Include="Anime4K\Anime4K_Restore_Soft_UL.hlsl">
      <Filter>Anime4K</Filter>
    </CopyFileToFolders>
    <CopyFileToFolders Include="Anime4K\Anime4K_Restore_Soft_VL.hlsl">
      <Filter>Anime4K</Filter>
    </CopyFileToFolders>
    <CopyFileToFolders Include="Anime4K\Anime4K_Restore_Soft_L.hlsl">
      <Filter>Anime4K</Filter>
    </CopyFileToFolders>
    <CopyFileToFolders Include="Anime4K\Anime4K_Restore_Soft_M.hlsl">
      <Filter>Anime4K</Filter>
    </CopyFileToFolders>
    <CopyFileToFolders Include="Anime4K\Anime4K_Restore_VL.hlsl">
      <Filter>Anime4K</Filter>
    </CopyFileToFolders>
    <CopyFileToFolders Include="Anime4K\Anime4K_Restore_UL.hlsl">
      <Filter>Anime4K</Filter>
    </CopyFileToFolders>
    <CopyFileToFolders Include="Anime4K\Anime4K_Restore_S.hlsl">
      <Filter>Anime4K</Filter>
    </CopyFileToFolders>
    <CopyFileToFolders Include="Anime4K\Anime4K_Restore_Soft_S.hlsl">
      <Filter>Anime4K</Filter>
    </CopyFileToFolders>
    <CopyFileToFolders Include="Anime4K\Anime4K_Thin_HQ.hlsl">
      <Filter>Anime4K</Filter>
    </CopyFileToFolders>
    <CopyFileToFolders Include="Anime4K\Anime4K_Upscale_Denoise_L.hlsl">
      <Filter>Anime4K</Filter>
    </CopyFileToFolders>
    <CopyFileToFolders Include="Anime4K\Anime4K_Upscale_Denoise_S.hlsl">
      <Filter>Anime4K</Filter>
    </CopyFileToFolders>
    <CopyFileToFolders Include="Anime4K\Anime4K_Upscale_Denoise_UL.hlsl">
      <Filter>Anime4K</Filter>
    </CopyFileToFolders>
    <CopyFileToFolders Include="Anime4K\Anime4K_Upscale_Denoise_VL.hlsl">
      <Filter>Anime4K</Filter>
    </CopyFileToFolders>
    <CopyFileToFolders Include="Anime4K\Anime4K_Upscale_GAN_x2_S.hlsl">
      <Filter>Anime4K</Filter>
    </CopyFileToFolders>
    <CopyFileToFolders Include="Anime4K\Anime4K_Upscale_L.hlsl">
      <Filter>Anime4K</Filter>
    </CopyFileToFolders>
    <CopyFileToFolders Include="Anime4K\Anime4K_Upscale_S.hlsl">
      <Filter>Anime4K</Filter>
    </CopyFileToFolders>
    <CopyFileToFolders Include="Anime4K\Anime4K_Upscale_UL.hlsl">
      <Filter>Anime4K</Filter>
    </CopyFileToFolders>
    <CopyFileToFolders Include="Anime4K\Anime4K_Upscale_VL.hlsl">
      <Filter>Anime4K</Filter>
    </CopyFileToFolders>
    <CopyFileToFolders Include="CRT\CRT_Easymode.hlsl">
      <Filter>CRT</Filter>
    </CopyFileToFolders>
    <CopyFileToFolders Include="CRT\CRT_Geom.hlsl">
      <Filter>CRT</Filter>
    </CopyFileToFolders>
    <CopyFileToFolders Include="CRT\CRT_Hyllian.hlsl">
      <Filter>CRT</Filter>
    </CopyFileToFolders>
    <CopyFileToFolders Include="CRT\CRT_Lottes.hlsl">
      <Filter>CRT</Filter>
    </CopyFileToFolders>
    <CopyFileToFolders Include="CRT\GTU_v050.hlsl">
      <Filter>CRT</Filter>
    </CopyFileToFolders>
    <CopyFileToFolders Include="xBRZ\xBRZ_2x.hlsl">
      <Filter>xBRZ</Filter>
    </CopyFileToFolders>
    <CopyFileToFolders Include="xBRZ\xBRZ_3x.hlsl">
      <Filter>xBRZ</Filter>
    </CopyFileToFolders>
    <CopyFileToFolders Include="xBRZ\xBRZ_4x.hlsl">
      <Filter>xBRZ</Filter>
    </CopyFileToFolders>
    <CopyFileToFolders Include="xBRZ\xBRZ_5x.hlsl">
      <Filter>xBRZ</Filter>
    </CopyFileToFolders>
    <CopyFileToFolders Include="xBRZ\xBRZ_6x.hlsl">
      <Filter>xBRZ</Filter>
    </CopyFileToFolders>
    <CopyFileToFolders Include="xBRZ\xBRZ_Freescale.hlsl">
      <Filter>xBRZ</Filter>
    </CopyFileToFolders>
    <CopyFileToFolders Include="FXAA\FXAA_High.hlsl">
      <Filter>FXAA</Filter>
    </CopyFileToFolders>
    <CopyFileToFolders Include="FXAA\FXAA_Medium.hlsl">
      <Filter>FXAA</Filter>
    </CopyFileToFolders>
    <CopyFileToFolders Include="FXAA\FXAA_Ultra.hlsl">
      <Filter>FXAA</Filter>
    </CopyFileToFolders>
    <CopyFileToFolders Include="FXAA\FXAA.hlsli">
      <Filter>FXAA</Filter>
    </CopyFileToFolders>
    <CopyFileToFolders Include="RAVU\RAVU_Lite_R3.hlsl">
      <Filter>RAVU</Filter>
    </CopyFileToFolders>
    <CopyFileToFolders Include="RAVU\RAVU_Lite_R3_Weights.dds">
      <Filter>RAVU</Filter>
    </CopyFileToFolders>
    <CopyFileToFolders Include="RAVU\RAVU_Zoom_R3.hlsl">
      <Filter>RAVU</Filter>
    </CopyFileToFolders>
    <CopyFileToFolders Include="RAVU\RAVU_Zoom_R3_Weights.dds">
      <Filter>RAVU</Filter>
    </CopyFileToFolders>
    <CopyFileToFolders Include="NNEDI3\NNEDI3_nns16_win8x4.hlsl">
      <Filter>NNEDI3</Filter>
    </CopyFileToFolders>
    <CopyFileToFolders Include="NNEDI3\NNEDI3_nns64_win8x6.hlsl">
      <Filter>NNEDI3</Filter>
    </CopyFileToFolders>
    <CopyFileToFolders Include="NIS\NIS.hlsl">
      <Filter>NIS</Filter>
    </CopyFileToFolders>
    <CopyFileToFolders Include="NIS\Coef_Scale.dds">
      <Filter>NIS</Filter>
    </CopyFileToFolders>
    <CopyFileToFolders Include="NIS\Coef_USM.dds">
      <Filter>NIS</Filter>
    </CopyFileToFolders>
    <CopyFileToFolders Include="NIS\NVSharpen.hlsl">
      <Filter>NIS</Filter>
    </CopyFileToFolders>
    <CopyFileToFolders Include="CAS\CAS_Scaling.hlsl">
      <Filter>CAS</Filter>
    </CopyFileToFolders>
    <CopyFileToFolders Include="CAS\CAS.hlsl">
      <Filter>CAS</Filter>
    </CopyFileToFolders>
    <CopyFileToFolders Include="FSRCNNX\FSRCNNX.hlsl">
      <Filter>FSRCNNX</Filter>
    </CopyFileToFolders>
    <CopyFileToFolders Include="FSRCNNX\FSRCNNX_LineArt.hlsl">
      <Filter>FSRCNNX</Filter>
    </CopyFileToFolders>
    <CopyFileToFolders Include="Sharpen\AdaptiveSharpen.hlsl">
      <Filter>Sharpen</Filter>
    </CopyFileToFolders>
    <CopyFileToFolders Include="Sharpen\FineSharp.hlsl">
      <Filter>Sharpen</Filter>
    </CopyFileToFolders>
    <CopyFileToFolders Include="Sharpen\LCAS.hlsl">
      <Filter>Sharpen</Filter>
    </CopyFileToFolders>
    <CopyFileToFolders Include="Sharpen\LumaSharpen.hlsl">
      <Filter>Sharpen</Filter>
    </CopyFileToFolders>
    <CopyFileToFolders Include="Pixel Art\MMPX.hlsl">
      <Filter>Pixel Art</Filter>
    </CopyFileToFolders>
    <CopyFileToFolders Include="Pixel Art\Pixellate.hlsl">
      <Filter>Pixel Art</Filter>
    </CopyFileToFolders>
    <CopyFileToFolders Include="Pixel Art\SharpBilinear.hlsl">
      <Filter>Pixel Art</Filter>
    </CopyFileToFolders>
    <CopyFileToFolders Include="Deband.hlsl" />
    <CopyFileToFolders Include="Nearest.hlsl" />
    <CopyFileToFolders Include="Bilinear.hlsl" />
  </ItemGroup>
  <ItemGroup>
    <Filter Include="Anime4K">
      <UniqueIdentifier>{698d22a6-2a44-4262-a38e-76581d788a99}</UniqueIdentifier>
    </Filter>
    <Filter Include="SMAA">
      <UniqueIdentifier>{74cb8e62-d411-4b32-b9b9-cc83bd4a58da}</UniqueIdentifier>
    </Filter>
    <Filter Include="xBRZ">
      <UniqueIdentifier>{13943e28-4fe6-492b-bee1-1e5458d41763}</UniqueIdentifier>
    </Filter>
    <Filter Include="FXAA">
      <UniqueIdentifier>{dc735dd3-2692-4ab7-a861-792e2c2f8e5d}</UniqueIdentifier>
    </Filter>
    <Filter Include="CRT">
      <UniqueIdentifier>{6e798d9a-5bc2-47b6-aaf0-80862e290378}</UniqueIdentifier>
    </Filter>
    <Filter Include="RAVU">
      <UniqueIdentifier>{cd0d6b91-fff1-4731-9198-d3c818fbbcd3}</UniqueIdentifier>
    </Filter>
    <Filter Include="FSR">
      <UniqueIdentifier>{265c81d9-3ccf-442d-86f5-e256d4ef55fc}</UniqueIdentifier>
    </Filter>
    <Filter Include="NNEDI3">
      <UniqueIdentifier>{47ebe4ed-6766-4781-8ba2-a9115b518ac3}</UniqueIdentifier>
    </Filter>
    <Filter Include="NIS">
      <UniqueIdentifier>{2a9bfdf6-4953-44ee-a989-ecb9c21f15bf}</UniqueIdentifier>
    </Filter>
    <Filter Include="CAS">
      <UniqueIdentifier>{604c2f86-a219-4941-9cc6-775f434f1351}</UniqueIdentifier>
    </Filter>
    <Filter Include="FSRCNNX">
      <UniqueIdentifier>{962f3a4e-e086-4ba0-86a5-7355d5af7a4a}</UniqueIdentifier>
    </Filter>
    <Filter Include="Sharpen">
      <UniqueIdentifier>{3e769cea-6a90-4904-ba66-0b0e993f7a91}</UniqueIdentifier>
    </Filter>
    <Filter Include="Pixel Art">
      <UniqueIdentifier>{0b58f073-84cb-4c38-919d-80176ae408bc}</UniqueIdentifier>
    </Filter>
  </ItemGroup>
</Project>